
Microsoft Visual Studio Solution File, Format Version 12.00
# Visual Studio Version 16
VisualStudioVersion = 16.0.31321.278
MinimumVisualStudioVersion = 10.0.40219.1
Project("{9A19103F-16F7-4668-BE54-9A1E7A4F7556}") = "webapp", "webapp\webapp.csproj", "{8B1F3920-FB92-41A4-97A3-2D24E52EA3F0}"
EndProject
Global
	GlobalSection(SolutionConfigurationPlatforms) = preSolution
		Debug|Any CPU = Debug|Any CPU
		Release|Any CPU = Release|Any CPU
	EndGlobalSection
	GlobalSection(ProjectConfigurationPlatforms) = postSolution
		{8B1F3920-FB92-41A4-97A3-2D24E52EA3F0}.Debug|Any CPU.ActiveCfg = Debug|Any CPU
		{8B1F3920-FB92-41A4-97A3-2D24E52EA3F0}.Debug|Any CPU.Build.0 = Debug|Any CPU
		{8B1F3920-FB92-41A4-97A3-2D24E52EA3F0}.Release|Any CPU.ActiveCfg = Release|Any CPU
		{8B1F3920-FB92-41A4-97A3-2D24E52EA3F0}.Release|Any CPU.Build.0 = Release|Any CPU
	EndGlobalSection
	GlobalSection(SolutionProperties) = preSolution
		HideSolutionNode = FALSE
	EndGlobalSection
	GlobalSection(ExtensibilityGlobals) = postSolution
		SolutionGuid = {ECC2FA4E-1A57-4B5D-B233-60270C4B2375}
	EndGlobalSection
EndGlobal
